
Microsoft Visual Studio Solution File, Format Version 12.00
# Visual Studio Version 17
VisualStudioVersion = 17.14.36414.22
MinimumVisualStudioVersion = 10.0.40219.1
Project("{FAE04EC0-301F-11D3-BF4B-00C04F79EFBC}") = "CapaPresentacion", "CapaPresentacion.csproj", "{89804269-9BF7-44D8-8258-7F3F801E5FBE}"
EndProject
Project("{FAE04EC0-301F-11D3-BF4B-00C04F79EFBC}") = "CapaEntidad", "..\CapaEntidad\CapaEntidad.csproj", "{FE1E026F-CE41-49E6-8B53-2AFCFF56DF3B}"
EndProject
Project("{FAE04EC0-301F-11D3-BF4B-00C04F79EFBC}") = "CapaNegocio", "..\CapaNegocio\CapaNegocio.csproj", "{2F96C3B8-1204-4618-854C-4506232C3B82}"
EndProject
Project("{FAE04EC0-301F-11D3-BF4B-00C04F79EFBC}") = "CapaDatos", "..\CapaDatos\CapaDatos.csproj", "{3BF4CBFD-4752-456E-B406-10EAF349FB94}"
EndProject
Global
	GlobalSection(SolutionConfigurationPlatforms) = preSolution
		Debug|Any CPU = Debug|Any CPU
		Release|Any CPU = Release|Any CPU
	EndGlobalSection
	GlobalSection(ProjectConfigurationPlatforms) = postSolution
		{89804269-9BF7-44D8-8258-7F3F801E5FBE}.Debug|Any CPU.ActiveCfg = Debug|Any CPU
		{89804269-9BF7-44D8-8258-7F3F801E5FBE}.Debug|Any CPU.Build.0 = Debug|Any CPU
		{89804269-9BF7-44D8-8258-7F3F801E5FBE}.Release|Any CPU.ActiveCfg = Release|Any CPU
		{89804269-9BF7-44D8-8258-7F3F801E5FBE}.Release|Any CPU.Build.0 = Release|Any CPU
		{FE1E026F-CE41-49E6-8B53-2AFCFF56DF3B}.Debug|Any CPU.ActiveCfg = Debug|Any CPU
		{FE1E026F-CE41-49E6-8B53-2AFCFF56DF3B}.Debug|Any CPU.Build.0 = Debug|Any CPU
		{FE1E026F-CE41-49E6-8B53-2AFCFF56DF3B}.Release|Any CPU.ActiveCfg = Release|Any CPU
		{FE1E026F-CE41-49E6-8B53-2AFCFF56DF3B}.Release|Any CPU.Build.0 = Release|Any CPU
		{2F96C3B8-1204-4618-854C-4506232C3B82}.Debug|Any CPU.ActiveCfg = Debug|Any CPU
		{2F96C3B8-1204-4618-854C-4506232C3B82}.Debug|Any CPU.Build.0 = Debug|Any CPU
		{2F96C3B8-1204-4618-854C-4506232C3B82}.Release|Any CPU.ActiveCfg = Release|Any CPU
		{2F96C3B8-1204-4618-854C-4506232C3B82}.Release|Any CPU.Build.0 = Release|Any CPU
		{3BF4CBFD-4752-456E-B406-10EAF349FB94}.Debug|Any CPU.ActiveCfg = Debug|Any CPU
		{3BF4CBFD-4752-456E-B406-10EAF349FB94}.Debug|Any CPU.Build.0 = Debug|Any CPU
		{3BF4CBFD-4752-456E-B406-10EAF349FB94}.Release|Any CPU.ActiveCfg = Release|Any CPU
		{3BF4CBFD-4752-456E-B406-10EAF349FB94}.Release|Any CPU.Build.0 = Release|Any CPU
	EndGlobalSection
	GlobalSection(SolutionProperties) = preSolution
		HideSolutionNode = FALSE
	EndGlobalSection
	GlobalSection(ExtensibilityGlobals) = postSolution
		SolutionGuid = {6CD2D033-7AD7-487C-9B66-3DA955CEEA77}
	EndGlobalSection
EndGlobal
